// !$*UTF8*$!
{
	archiveVersion = 1;
	classes = {
	};
	objectVersion = 46;
	objects = {

/* Begin PBXBuildFile section */
		759AA8DD1EB855590002858B /* AppDelegate.swift in Sources */ = {isa = PBXBuildFile; fileRef = 759AA8DC1EB855590002858B /* AppDelegate.swift */; };
		759AA8DF1EB855590002858B /* ViewController.swift in Sources */ = {isa = PBXBuildFile; fileRef = 759AA8DE1EB855590002858B /* ViewController.swift */; };
		759AA8E21EB855590002858B /* Main.storyboard in Resources */ = {isa = PBXBuildFile; fileRef = 759AA8E01EB855590002858B /* Main.storyboard */; };
		759AA8E51EB855590002858B /* testTab.xcdatamodeld in Sources */ = {isa = PBXBuildFile; fileRef = 759AA8E31EB855590002858B /* testTab.xcdatamodeld */; };
		759AA8E71EB855590002858B /* Assets.xcassets in Resources */ = {isa = PBXBuildFile; fileRef = 759AA8E61EB855590002858B /* Assets.xcassets */; };
		759AA8EA1EB855590002858B /* LaunchScreen.storyboard in Resources */ = {isa = PBXBuildFile; fileRef = 759AA8E81EB855590002858B /* LaunchScreen.storyboard */; };
		759AA8F31EB857260002858B /* MapKit.framework in Frameworks */ = {isa = PBXBuildFile; fileRef = 759AA8F21EB857260002858B /* MapKit.framework */; };
		759AA8F51EB8575B0002858B /* SecondViewController.swift in Sources */ = {isa = PBXBuildFile; fileRef = 759AA8F41EB8575B0002858B /* SecondViewController.swift */; };
/* End PBXBuildFile section */

/* Begin PBXFileReference section */
		759AA8D91EB855590002858B /* testTab.app */ = {isa = PBXFileReference; explicitFileType = wrapper.application; includeInIndex = 0; path = testTab.app; sourceTree = BUILT_PRODUCTS_DIR; };
		759AA8DC1EB855590002858B /* AppDelegate.swift */ = {isa = PBXFileReference; lastKnownFileType = sourcecode.swift; path = AppDelegate.swift; sourceTree = "<group>"; };
		759AA8DE1EB855590002858B /* ViewController.swift */ = {isa = PBXFileReference; lastKnownFileType = sourcecode.swift; path = ViewController.swift; sourceTree = "<group>"; };
		759AA8E11EB855590002858B /* Base */ = {isa = PBXFileReference; lastKnownFileType = file.storyboard; name = Base; path = Base.lproj/Main.storyboard; sourceTree = "<group>"; };
		759AA8E41EB855590002858B /* testTab.xcdatamodel */ = {isa = PBXFileReference; lastKnownFileType = wrapper.xcdatamodel; path = testTab.xcdatamodel; sourceTree = "<group>"; };
		759AA8E61EB855590002858B /* Assets.xcassets */ = {isa = PBXFileReference; lastKnownFileType = folder.assetcatalog; path = Assets.xcassets; sourceTree = "<group>"; };
		759AA8E91EB855590002858B /* Base */ = {isa = PBXFileReference; lastKnownFileType = file.storyboard; name = Base; path = Base.lproj/LaunchScreen.storyboard; sourceTree = "<group>"; };
		759AA8EB1EB855590002858B /* Info.plist */ = {isa = PBXFileReference; lastKnownFileType = text.plist.xml; path = Info.plist; sourceTree = "<group>"; };
		759AA8F21EB857260002858B /* MapKit.framework */ = {isa = PBXFileReference; lastKnownFileType = wrapper.framework; name = MapKit.framework; path = System/Library/Frameworks/MapKit.framework; sourceTree = SDKROOT; };
		759AA8F41EB8575B0002858B /* SecondViewController.swift */ = {isa = PBXFileReference; fileEncoding = 4; lastKnownFileType = sourcecode.swift; path = SecondViewController.swift; sourceTree = "<group>"; };
/* End PBXFileReference section */

/* Begin PBXFrameworksBuildPhase section */
		759AA8D61EB855590002858B /* Frameworks */ = {
			isa = PBXFrameworksBuildPhase;
			buildActionMask = 2147483647;
			files = (
				759AA8F31EB857260002858B /* MapKit.framework in Frameworks */,
			);
			runOnlyForDeploymentPostprocessing = 0;
		};
/* End PBXFrameworksBuildPhase section */

/* Begin PBXGroup section */
		759AA8D01EB855590002858B = {
			isa = PBXGroup;
			children = (
				759AA8DB1EB855590002858B /* testTab */,
				759AA8DA1EB855590002858B /* Products */,
				759AA8F11EB857260002858B /* Frameworks */,
			);
			sourceTree = "<group>";
		};
		759AA8DA1EB855590002858B /* Products */ = {
			isa = PBXGroup;
			children = (
				759AA8D91EB855590002858B /* testTab.app */,
			);
			name = Products;
			sourceTree = "<group>";
		};
		759AA8DB1EB855590002858B /* testTab */ = {
			isa = PBXGroup;
			children = (
				759AA8DC1EB855590002858B /* AppDelegate.swift */,
				759AA8DE1EB855590002858B /* ViewController.swift */,
				759AA8E01EB855590002858B /* Main.storyboard */,
				759AA8E61EB855590002858B /* Assets.xcassets */,
				759AA8E81EB855590002858B /* LaunchScreen.storyboard */,
				759AA8EB1EB855590002858B /* Info.plist */,
				759AA8E31EB855590002858B /* testTab.xcdatamodeld */,
				759AA8F41EB8575B0002858B /* SecondViewController.swift */,
			);
			path = testTab;
			sourceTree = "<group>";
		};
		759AA8F11EB857260002858B /* Frameworks */ = {
			isa = PBXGroup;
			children = (
				759AA8F21EB857260002858B /* MapKit.framework */,
			);
			name = Frameworks;
			sourceTree = "<group>";
		};
/* End PBXGroup section */

/* Begin PBXNativeTarget section */
		759AA8D81EB855590002858B /* testTab */ = {
			isa = PBXNativeTarget;
			buildConfigurationList = 759AA8EE1EB855590002858B /* Build configuration list for PBXNativeTarget "testTab" */;
			buildPhases = (
				759AA8D51EB855590002858B /* Sources */,
				759AA8D61EB855590002858B /* Frameworks */,
				759AA8D71EB855590002858B /* Resources */,
			);
			buildRules = (
			);
			dependencies = (
			);
			name = testTab;
			productName = testTab;
			productReference = 759AA8D91EB855590002858B /* testTab.app */;
			productType = "com.apple.product-type.application";
		};
/* End PBXNativeTarget section */

/* Begin PBXProject section */
		759AA8D11EB855590002858B /* Project object */ = {
			isa = PBXProject;
			attributes = {
				LastSwiftUpdateCheck = 0820;
				LastUpgradeCheck = 0820;
				ORGANIZATIONNAME = uhcl;
				TargetAttributes = {
					759AA8D81EB855590002858B = {
						CreatedOnToolsVersion = 8.2.1;
						ProvisioningStyle = Automatic;
					};
				};
			};
			buildConfigurationList = 759AA8D41EB855590002858B /* Build configuration list for PBXProject "testTab" */;
			compatibilityVersion = "Xcode 3.2";
			developmentRegion = English;
			hasScannedForEncodings = 0;
			knownRegions = (
				en,
				Base,
			);
			mainGroup = 759AA8D01EB855590002858B;
			productRefGroup = 759AA8DA1EB855590002858B /* Products */;
			projectDirPath = "";
			projectRoot = "";
			targets = (
				759AA8D81EB855590002858B /* testTab */,
			);
		};
/* End PBXProject section */

/* Begin PBXResourcesBuildPhase section */
		759AA8D71EB855590002858B /* Resources */ = {
			isa = PBXResourcesBuildPhase;
			buildActionMask = 2147483647;
			files = (
				759AA8EA1EB855590002858B /* LaunchScreen.storyboard in Resources */,
				759AA8E71EB855590002858B /* Assets.xcassets in Resources */,
				759AA8E21EB855590002858B /* Main.storyboard in Resources */,
			);
			runOnlyForDeploymentPostprocessing = 0;
		};
/* End PBXResourcesBuildPhase section */

/* Begin PBXSourcesBuildPhase section */
		759AA8D51EB855590002858B /* Sources */ = {
			isa = PBXSourcesBuildPhase;
			buildActionMask = 2147483647;
			files = (
				759AA8F51EB8575B0002858B /* SecondViewController.swift in Sources */,
				759AA8E51EB855590002858B /* testTab.xcdatamodeld in Sources */,
				759AA8DF1EB855590002858B /* ViewController.swift in Sources */,
				759AA8DD1EB855590002858B /* AppDelegate.swift in Sources */,
			);
			runOnlyForDeploymentPostprocessing = 0;
		};
/* End PBXSourcesBuildPhase section */

/* Begin PBXVariantGroup section */
		759AA8E01EB855590002858B /* Main.storyboard */ = {
			isa = PBXVariantGroup;
			children = (
				759AA8E11EB855590002858B /* Base */,
			);
			name = Main.storyboard;
			sourceTree = "<group>";
		};
		759AA8E81EB855590002858B /* LaunchScreen.storyboard */ = {
			isa = PBXVariantGroup;
			children = (
				759AA8E91EB855590002858B /* Base */,
			);
			name = LaunchScreen.storyboard;
			sourceTree = "<group>";
		};
/* End PBXVariantGroup section */

/* Begin XCBuildConfiguration section */
		759AA8EC1EB855590002858B /* Debug */ = {
			isa = XCBuildConfiguration;
			buildSettings = {
				ALWAYS_SEARCH_USER_PATHS = NO;
				CLANG_ANALYZER_NONNULL = YES;
				CLANG_CXX_LANGUAGE_STANDARD = "gnu++0x";
				CLANG_CXX_LIBRARY = "libc++";
				CLANG_ENABLE_MODULES = YES;
				CLANG_ENABLE_OBJC_ARC = YES;
				CLANG_WARN_BOOL_CONVERSION = YES;
				CLANG_WARN_CONSTANT_CONVERSION = YES;
				CLANG_WARN_DIRECT_OBJC_ISA_USAGE = YES_ERROR;
				CLANG_WARN_DOCUMENTATION_COMMENTS = YES;
				CLANG_WARN_EMPTY_BODY = YES;
				CLANG_WARN_ENUM_CONVERSION = YES;
				CLANG_WARN_INFINITE_RECURSION = YES;
				CLANG_WARN_INT_CONVERSION = YES;
				CLANG_WARN_OBJC_ROOT_CLASS = YES_ERROR;
				CLANG_WARN_SUSPICIOUS_MOVE = YES;
				CLANG_WARN_UNREACHABLE_CODE = YES;
				CLANG_WARN__DUPLICATE_METHOD_MATCH = YES;
				"CODE_SIGN_IDENTITY[sdk=iphoneos*]" = "iPhone Developer";
				COPY_PHASE_STRIP = NO;
				DEBUG_INFORMATION_FORMAT = dwarf;
				ENABLE_STRICT_OBJC_MSGSEND = YES;
				ENABLE_TESTABILITY = YES;
				GCC_C_LANGUAGE_STANDARD = gnu99;
				GCC_DYNAMIC_NO_PIC = NO;
				GCC_NO_COMMON_BLOCKS = YES;
				GCC_OPTIMIZATION_LEVEL = 0;
				GCC_PREPROCESSOR_DEFINITIONS = (
					"DEBUG=1",
					"$(inherited)",
				);
				GCC_WARN_64_TO_32_BIT_CONVERSION = YES;
				GCC_WARN_ABOUT_RETURN_TYPE = YES_ERROR;
				GCC_WARN_UNDECLARED_SELECTOR = YES;
				GCC_WARN_UNINITIALIZED_AUTOS = YES_AGGRESSIVE;
				GCC_WARN_UNUSED_FUNCTION = YES;
				GCC_WARN_UNUSED_VARIABLE = YES;
				IPHONEOS_DEPLOYMENT_TARGET = 10.2;
				MTL_ENABLE_DEBUG_INFO = YES;
				ONLY_ACTIVE_ARCH = YES;
				SDKROOT = iphoneos;
				SWIFT_ACTIVE_COMPILATION_CONDITIONS = DEBUG;
				SWIFT_OPTIMIZATION_LEVEL = "-Onone";
			};
			name = Debug;
		};
		759AA8ED1EB855590002858B /* Release */ = {
			isa = XCBuildConfiguration;
			buildSettings = {
				ALWAYS_SEARCH_USER_PATHS = NO;
				CLANG_ANALYZER_NONNULL = YES;
				CLANG_CXX_LANGUAGE_STANDARD = "gnu++0x";
				CLANG_CXX_LIBRARY = "libc++";
				CLANG_ENABLE_MODULES = YES;
				CLANG_ENABLE_OBJC_ARC = YES;
				CLANG_WARN_BOOL_CONVERSION = YES;
				CLANG_WARN_CONSTANT_CONVERSION = YES;
				CLANG_WARN_DIRECT_OBJC_ISA_USAGE = YES_ERROR;
				CLANG_WARN_DOCUMENTATION_COMMENTS = YES;
				CLANG_WARN_EMPTY_BODY = YES;
				CLANG_WARN_ENUM_CONVERSION = YES;
				CLANG_WARN_INFINITE_RECURSION = YES;
				CLANG_WARN_INT_CONVERSION = YES;
				CLANG_WARN_OBJC_ROOT_CLASS = YES_ERROR;
				CLANG_WARN_SUSPICIOUS_MOVE = YES;
				CLANG_WARN_UNREACHABLE_CODE = YES;
				CLANG_WARN__DUPLICATE_METHOD_MATCH = YES;
				"CODE_SIGN_IDENTITY[sdk=iphoneos*]" = "iPhone Developer";
				COPY_PHASE_STRIP = NO;
				DEBUG_INFORMATION_FORMAT = "dwarf-with-dsym";
				ENABLE_NS_ASSERTIONS = NO;
				ENABLE_STRICT_OBJC_MSGSEND = YES;
				GCC_C_LANGUAGE_STANDARD = gnu99;
				GCC_NO_COMMON_BLOCKS = YES;
				GCC_WARN_64_TO_32_BIT_CONVERSION = YES;
				GCC_WARN_ABOUT_RETURN_TYPE = YES_ERROR;
				GCC_WARN_UNDECLARED_SELECTOR = YES;
				GCC_WARN_UNINITIALIZED_AUTOS = YES_AGGRESSIVE;
				GCC_WARN_UNUSED_FUNCTION = YES;
				GCC_WARN_UNUSED_VARIABLE = YES;
				IPHONEOS_DEPLOYMENT_TARGET = 10.2;
				MTL_ENABLE_DEBUG_INFO = NO;
				SDKROOT = iphoneos;
				SWIFT_OPTIMIZATION_LEVEL = "-Owholemodule";
				VALIDATE_PRODUCT = YES;
			};
			name = Release;
		};
		759AA8EF1EB855590002858B /* Debug */ = {
			isa = XCBuildConfiguration;
			buildSettings = {
				ASSETCATALOG_COMPILER_APPICON_NAME = AppIcon;
				INFOPLIST_FILE = testTab/Info.plist;
				LD_RUNPATH_SEARCH_PATHS = "$(inherited) @executable_path/Frameworks";
				PRODUCT_BUNDLE_IDENTIFIER = io.github.gopinathnelluri.testTab;
				PRODUCT_NAME = "$(TARGET_NAME)";
				SWIFT_VERSION = 3.0;
			};
			name = Debug;
		};
		759AA8F01EB855590002858B /* Release */ = {
			isa = XCBuildConfiguration;
			buildSettings = {
				ASSETCATALOG_COMPILER_APPICON_NAME = AppIcon;
				INFOPLIST_FILE = testTab/Info.plist;
				LD_RUNPATH_SEARCH_PATHS = "$(inherited) @executable_path/Frameworks";
				PRODUCT_BUNDLE_IDENTIFIER = io.github.gopinathnelluri.testTab;
				PRODUCT_NAME = "$(TARGET_NAME)";
				SWIFT_VERSION = 3.0;
			};
			name = Release;
		};
/* End XCBuildConfiguration section */

/* Begin XCConfigurationList section */
		759AA8D41EB855590002858B /* Build configuration list for PBXProject "testTab" */ = {
			isa = XCConfigurationList;
			buildConfigurations = (
				759AA8EC1EB855590002858B /* Debug */,
				759AA8ED1EB855590002858B /* Release */,
			);
			defaultConfigurationIsVisible = 0;
			defaultConfigurationName = Release;
		};
		759AA8EE1EB855590002858B /* Build configuration list for PBXNativeTarget "testTab" */ = {
			isa = XCConfigurationList;
			buildConfigurations = (
				759AA8EF1EB855590002858B /* Debug */,
				759AA8F01EB855590002858B /* Release */,
			);
			defaultConfigurationIsVisible = 0;
		};
/* End XCConfigurationList section */

/* Begin XCVersionGroup section */
		759AA8E31EB855590002858B /* testTab.xcdatamodeld */ = {
			isa = XCVersionGroup;
			children = (
				759AA8E41EB855590002858B /* testTab.xcdatamodel */,
			);
			currentVersion = 759AA8E41EB855590002858B /* testTab.xcdatamodel */;
			path = testTab.xcdatamodeld;
			sourceTree = "<group>";
			versionGroupType = wrapper.xcdatamodel;
		};
/* End XCVersionGroup section */
	};
	rootObject = 759AA8D11EB855590002858B /* Project object */;
}
